
Microsoft Visual Studio Solution File, Format Version 12.00
# Visual Studio Version 16
VisualStudioVersion = 16.0.31005.135
MinimumVisualStudioVersion = 10.0.40219.1
Project("{FAE04EC0-301F-11D3-BF4B-00C04F79EFBC}") = "Diagnosis_SymptomsChecker", "Diagnosis_SymptomsChecker.csproj", "{0BDDA9E4-E911-475C-96A5-80710BBDA287}"
EndProject
Global
	GlobalSection(SolutionConfigurationPlatforms) = preSolution
		Debug|Any CPU = Debug|Any CPU
		Release|Any CPU = Release|Any CPU
	EndGlobalSection
	GlobalSection(ProjectConfigurationPlatforms) = postSolution
		{0BDDA9E4-E911-475C-96A5-80710BBDA287}.Debug|Any CPU.ActiveCfg = Debug|Any CPU
		{0BDDA9E4-E911-475C-96A5-80710BBDA287}.Debug|Any CPU.Build.0 = Debug|Any CPU
		{0BDDA9E4-E911-475C-96A5-80710BBDA287}.Release|Any CPU.ActiveCfg = Release|Any CPU
		{0BDDA9E4-E911-475C-96A5-80710BBDA287}.Release|Any CPU.Build.0 = Release|Any CPU
	EndGlobalSection
	GlobalSection(SolutionProperties) = preSolution
		HideSolutionNode = FALSE
	EndGlobalSection
	GlobalSection(ExtensibilityGlobals) = postSolution
		SolutionGuid = {8F42E4CD-A056-4FD7-81D4-2647B04221A1}
	EndGlobalSection
EndGlobal
